
Microsoft Visual Studio Solution File, Format Version 12.00
# Visual Studio 15
VisualStudioVersion = 15.0.26124.0
MinimumVisualStudioVersion = 15.0.26124.0
Project("{FAE04EC0-301F-11D3-BF4B-00C04F79EFBC}") = "libKimai", "libKimai\libKimai.csproj", "{F3A1AF24-F4D2-4D9A-91D2-695E5B713A0C}"
EndProject
Project("{FAE04EC0-301F-11D3-BF4B-00C04F79EFBC}") = "libTeamwork", "libTeamwork\libTeamwork.csproj", "{C79C74DB-7F33-4F8E-9747-E3CE5E2B1937}"
EndProject
Project("{FAE04EC0-301F-11D3-BF4B-00C04F79EFBC}") = "libToggl", "libToggl\libToggl.csproj", "{54B00D3A-1A2B-4D62-B213-40F96042642F}"
EndProject
Project("{FAE04EC0-301F-11D3-BF4B-00C04F79EFBC}") = "libVSTS", "libVSTS\libVSTS.csproj", "{F5E795FE-3B61-49B8-AE74-41F178A06E11}"
EndProject
Project("{FAE04EC0-301F-11D3-BF4B-00C04F79EFBC}") = "libAPICache", "libAPICache\libAPICache.csproj", "{B323D521-44F6-4D59-92EB-393038BE1DC1}"
EndProject
Project("{FAE04EC0-301F-11D3-BF4B-00C04F79EFBC}") = "BulkCache", "BulkCache\BulkCache.csproj", "{9C0F6181-834F-422F-975E-E67D818BA62B}"
EndProject
Project("{FAE04EC0-301F-11D3-BF4B-00C04F79EFBC}") = "libAPICache.tests", "libAPICache.tests\libAPICache.tests.csproj", "{0F0D5E20-EAA0-4E6E-9C42-D6FBD0AA80F4}"
EndProject
Project("{FAE04EC0-301F-11D3-BF4B-00C04F79EFBC}") = "Configuration", "Configuration\Configuration.csproj", "{321EE0DD-E062-4F21-BB17-6D1D008B6833}"
EndProject
Global
	GlobalSection(SolutionConfigurationPlatforms) = preSolution
		Debug|Any CPU = Debug|Any CPU
		Debug|x64 = Debug|x64
		Debug|x86 = Debug|x86
		Release|Any CPU = Release|Any CPU
		Release|x64 = Release|x64
		Release|x86 = Release|x86
	EndGlobalSection
	GlobalSection(SolutionProperties) = preSolution
		HideSolutionNode = FALSE
	EndGlobalSection
	GlobalSection(ProjectConfigurationPlatforms) = postSolution
		{F3A1AF24-F4D2-4D9A-91D2-695E5B713A0C}.Debug|Any CPU.ActiveCfg = Debug|Any CPU
		{F3A1AF24-F4D2-4D9A-91D2-695E5B713A0C}.Debug|Any CPU.Build.0 = Debug|Any CPU
		{F3A1AF24-F4D2-4D9A-91D2-695E5B713A0C}.Debug|x64.ActiveCfg = Debug|Any CPU
		{F3A1AF24-F4D2-4D9A-91D2-695E5B713A0C}.Debug|x64.Build.0 = Debug|Any CPU
		{F3A1AF24-F4D2-4D9A-91D2-695E5B713A0C}.Debug|x86.ActiveCfg = Debug|Any CPU
		{F3A1AF24-F4D2-4D9A-91D2-695E5B713A0C}.Debug|x86.Build.0 = Debug|Any CPU
		{F3A1AF24-F4D2-4D9A-91D2-695E5B713A0C}.Release|Any CPU.ActiveCfg = Release|Any CPU
		{F3A1AF24-F4D2-4D9A-91D2-695E5B713A0C}.Release|Any CPU.Build.0 = Release|Any CPU
		{F3A1AF24-F4D2-4D9A-91D2-695E5B713A0C}.Release|x64.ActiveCfg = Release|Any CPU
		{F3A1AF24-F4D2-4D9A-91D2-695E5B713A0C}.Release|x64.Build.0 = Release|Any CPU
		{F3A1AF24-F4D2-4D9A-91D2-695E5B713A0C}.Release|x86.ActiveCfg = Release|Any CPU
		{F3A1AF24-F4D2-4D9A-91D2-695E5B713A0C}.Release|x86.Build.0 = Release|Any CPU
		{C79C74DB-7F33-4F8E-9747-E3CE5E2B1937}.Debug|Any CPU.ActiveCfg = Debug|Any CPU
		{C79C74DB-7F33-4F8E-9747-E3CE5E2B1937}.Debug|Any CPU.Build.0 = Debug|Any CPU
		{C79C74DB-7F33-4F8E-9747-E3CE5E2B1937}.Debug|x64.ActiveCfg = Debug|Any CPU
		{C79C74DB-7F33-4F8E-9747-E3CE5E2B1937}.Debug|x64.Build.0 = Debug|Any CPU
		{C79C74DB-7F33-4F8E-9747-E3CE5E2B1937}.Debug|x86.ActiveCfg = Debug|Any CPU
		{C79C74DB-7F33-4F8E-9747-E3CE5E2B1937}.Debug|x86.Build.0 = Debug|Any CPU
		{C79C74DB-7F33-4F8E-9747-E3CE5E2B1937}.Release|Any CPU.ActiveCfg = Release|Any CPU
		{C79C74DB-7F33-4F8E-9747-E3CE5E2B1937}.Release|Any CPU.Build.0 = Release|Any CPU
		{C79C74DB-7F33-4F8E-9747-E3CE5E2B1937}.Release|x64.ActiveCfg = Release|Any CPU
		{C79C74DB-7F33-4F8E-9747-E3CE5E2B1937}.Release|x64.Build.0 = Release|Any CPU
		{C79C74DB-7F33-4F8E-9747-E3CE5E2B1937}.Release|x86.ActiveCfg = Release|Any CPU
		{C79C74DB-7F33-4F8E-9747-E3CE5E2B1937}.Release|x86.Build.0 = Release|Any CPU
		{54B00D3A-1A2B-4D62-B213-40F96042642F}.Debug|Any CPU.ActiveCfg = Debug|Any CPU
		{54B00D3A-1A2B-4D62-B213-40F96042642F}.Debug|Any CPU.Build.0 = Debug|Any CPU
		{54B00D3A-1A2B-4D62-B213-40F96042642F}.Debug|x64.ActiveCfg = Debug|Any CPU
		{54B00D3A-1A2B-4D62-B213-40F96042642F}.Debug|x64.Build.0 = Debug|Any CPU
		{54B00D3A-1A2B-4D62-B213-40F96042642F}.Debug|x86.ActiveCfg = Debug|Any CPU
		{54B00D3A-1A2B-4D62-B213-40F96042642F}.Debug|x86.Build.0 = Debug|Any CPU
		{54B00D3A-1A2B-4D62-B213-40F96042642F}.Release|Any CPU.ActiveCfg = Release|Any CPU
		{54B00D3A-1A2B-4D62-B213-40F96042642F}.Release|Any CPU.Build.0 = Release|Any CPU
		{54B00D3A-1A2B-4D62-B213-40F96042642F}.Release|x64.ActiveCfg = Release|Any CPU
		{54B00D3A-1A2B-4D62-B213-40F96042642F}.Release|x64.Build.0 = Release|Any CPU
		{54B00D3A-1A2B-4D62-B213-40F96042642F}.Release|x86.ActiveCfg = Release|Any CPU
		{54B00D3A-1A2B-4D62-B213-40F96042642F}.Release|x86.Build.0 = Release|Any CPU
		{F5E795FE-3B61-49B8-AE74-41F178A06E11}.Debug|Any CPU.ActiveCfg = Debug|Any CPU
		{F5E795FE-3B61-49B8-AE74-41F178A06E11}.Debug|Any CPU.Build.0 = Debug|Any CPU
		{F5E795FE-3B61-49B8-AE74-41F178A06E11}.Debug|x64.ActiveCfg = Debug|Any CPU
		{F5E795FE-3B61-49B8-AE74-41F178A06E11}.Debug|x64.Build.0 = Debug|Any CPU
		{F5E795FE-3B61-49B8-AE74-41F178A06E11}.Debug|x86.ActiveCfg = Debug|Any CPU
		{F5E795FE-3B61-49B8-AE74-41F178A06E11}.Debug|x86.Build.0 = Debug|Any CPU
		{F5E795FE-3B61-49B8-AE74-41F178A06E11}.Release|Any CPU.ActiveCfg = Release|Any CPU
		{F5E795FE-3B61-49B8-AE74-41F178A06E11}.Release|Any CPU.Build.0 = Release|Any CPU
		{F5E795FE-3B61-49B8-AE74-41F178A06E11}.Release|x64.ActiveCfg = Release|Any CPU
		{F5E795FE-3B61-49B8-AE74-41F178A06E11}.Release|x64.Build.0 = Release|Any CPU
		{F5E795FE-3B61-49B8-AE74-41F178A06E11}.Release|x86.ActiveCfg = Release|Any CPU
		{F5E795FE-3B61-49B8-AE74-41F178A06E11}.Release|x86.Build.0 = Release|Any CPU
		{B323D521-44F6-4D59-92EB-393038BE1DC1}.Debug|Any CPU.ActiveCfg = Debug|Any CPU
		{B323D521-44F6-4D59-92EB-393038BE1DC1}.Debug|Any CPU.Build.0 = Debug|Any CPU
		{B323D521-44F6-4D59-92EB-393038BE1DC1}.Debug|x64.ActiveCfg = Debug|Any CPU
		{B323D521-44F6-4D59-92EB-393038BE1DC1}.Debug|x64.Build.0 = Debug|Any CPU
		{B323D521-44F6-4D59-92EB-393038BE1DC1}.Debug|x86.ActiveCfg = Debug|Any CPU
		{B323D521-44F6-4D59-92EB-393038BE1DC1}.Debug|x86.Build.0 = Debug|Any CPU
		{B323D521-44F6-4D59-92EB-393038BE1DC1}.Release|Any CPU.ActiveCfg = Release|Any CPU
		{B323D521-44F6-4D59-92EB-393038BE1DC1}.Release|Any CPU.Build.0 = Release|Any CPU
		{B323D521-44F6-4D59-92EB-393038BE1DC1}.Release|x64.ActiveCfg = Release|Any CPU
		{B323D521-44F6-4D59-92EB-393038BE1DC1}.Release|x64.Build.0 = Release|Any CPU
		{B323D521-44F6-4D59-92EB-393038BE1DC1}.Release|x86.ActiveCfg = Release|Any CPU
		{B323D521-44F6-4D59-92EB-393038BE1DC1}.Release|x86.Build.0 = Release|Any CPU
		{9C0F6181-834F-422F-975E-E67D818BA62B}.Debug|Any CPU.ActiveCfg = Debug|Any CPU
		{9C0F6181-834F-422F-975E-E67D818BA62B}.Debug|Any CPU.Build.0 = Debug|Any CPU
		{9C0F6181-834F-422F-975E-E67D818BA62B}.Debug|x64.ActiveCfg = Debug|Any CPU
		{9C0F6181-834F-422F-975E-E67D818BA62B}.Debug|x64.Build.0 = Debug|Any CPU
		{9C0F6181-834F-422F-975E-E67D818BA62B}.Debug|x86.ActiveCfg = Debug|Any CPU
		{9C0F6181-834F-422F-975E-E67D818BA62B}.Debug|x86.Build.0 = Debug|Any CPU
		{9C0F6181-834F-422F-975E-E67D818BA62B}.Release|Any CPU.ActiveCfg = Release|Any CPU
		{9C0F6181-834F-422F-975E-E67D818BA62B}.Release|Any CPU.Build.0 = Release|Any CPU
		{9C0F6181-834F-422F-975E-E67D818BA62B}.Release|x64.ActiveCfg = Release|Any CPU
		{9C0F6181-834F-422F-975E-E67D818BA62B}.Release|x64.Build.0 = Release|Any CPU
		{9C0F6181-834F-422F-975E-E67D818BA62B}.Release|x86.ActiveCfg = Release|Any CPU
		{9C0F6181-834F-422F-975E-E67D818BA62B}.Release|x86.Build.0 = Release|Any CPU
		{0F0D5E20-EAA0-4E6E-9C42-D6FBD0AA80F4}.Debug|Any CPU.ActiveCfg = Debug|Any CPU
		{0F0D5E20-EAA0-4E6E-9C42-D6FBD0AA80F4}.Debug|Any CPU.Build.0 = Debug|Any CPU
		{0F0D5E20-EAA0-4E6E-9C42-D6FBD0AA80F4}.Debug|x64.ActiveCfg = Debug|Any CPU
		{0F0D5E20-EAA0-4E6E-9C42-D6FBD0AA80F4}.Debug|x64.Build.0 = Debug|Any CPU
		{0F0D5E20-EAA0-4E6E-9C42-D6FBD0AA80F4}.Debug|x86.ActiveCfg = Debug|Any CPU
		{0F0D5E20-EAA0-4E6E-9C42-D6FBD0AA80F4}.Debug|x86.Build.0 = Debug|Any CPU
		{0F0D5E20-EAA0-4E6E-9C42-D6FBD0AA80F4}.Release|Any CPU.ActiveCfg = Release|Any CPU
		{0F0D5E20-EAA0-4E6E-9C42-D6FBD0AA80F4}.Release|Any CPU.Build.0 = Release|Any CPU
		{0F0D5E20-EAA0-4E6E-9C42-D6FBD0AA80F4}.Release|x64.ActiveCfg = Release|Any CPU
		{0F0D5E20-EAA0-4E6E-9C42-D6FBD0AA80F4}.Release|x64.Build.0 = Release|Any CPU
		{0F0D5E20-EAA0-4E6E-9C42-D6FBD0AA80F4}.Release|x86.ActiveCfg = Release|Any CPU
		{0F0D5E20-EAA0-4E6E-9C42-D6FBD0AA80F4}.Release|x86.Build.0 = Release|Any CPU
		{321EE0DD-E062-4F21-BB17-6D1D008B6833}.Debug|Any CPU.ActiveCfg = Debug|Any CPU
		{321EE0DD-E062-4F21-BB17-6D1D008B6833}.Debug|Any CPU.Build.0 = Debug|Any CPU
		{321EE0DD-E062-4F21-BB17-6D1D008B6833}.Debug|x64.ActiveCfg = Debug|Any CPU
		{321EE0DD-E062-4F21-BB17-6D1D008B6833}.Debug|x64.Build.0 = Debug|Any CPU
		{321EE0DD-E062-4F21-BB17-6D1D008B6833}.Debug|x86.ActiveCfg = Debug|Any CPU
		{321EE0DD-E062-4F21-BB17-6D1D008B6833}.Debug|x86.Build.0 = Debug|Any CPU
		{321EE0DD-E062-4F21-BB17-6D1D008B6833}.Release|Any CPU.ActiveCfg = Release|Any CPU
		{321EE0DD-E062-4F21-BB17-6D1D008B6833}.Release|Any CPU.Build.0 = Release|Any CPU
		{321EE0DD-E062-4F21-BB17-6D1D008B6833}.Release|x64.ActiveCfg = Release|Any CPU
		{321EE0DD-E062-4F21-BB17-6D1D008B6833}.Release|x64.Build.0 = Release|Any CPU
		{321EE0DD-E062-4F21-BB17-6D1D008B6833}.Release|x86.ActiveCfg = Release|Any CPU
		{321EE0DD-E062-4F21-BB17-6D1D008B6833}.Release|x86.Build.0 = Release|Any CPU
	EndGlobalSection
EndGlobal
